
Microsoft Visual Studio Solution File, Format Version 12.00
# Visual Studio Version 17
VisualStudioVersion = 17.8.34511.84
MinimumVisualStudioVersion = 10.0.40219.1
Project("{8BC9CEB8-8B4A-11D0-8D11-00A0C91BC942}") = "GroceryList", "GroceryList\GroceryList.vcxproj", "{021BB501-EE85-48B6-AD90-B78736DFF1A3}"
EndProject
Global
	GlobalSection(SolutionConfigurationPlatforms) = preSolution
		Debug|x64 = Debug|x64
		Debug|x86 = Debug|x86
		Release|x64 = Release|x64
		Release|x86 = Release|x86
	EndGlobalSection
	GlobalSection(ProjectConfigurationPlatforms) = postSolution
		{021BB501-EE85-48B6-AD90-B78736DFF1A3}.Debug|x64.ActiveCfg = Debug|x64
		{021BB501-EE85-48B6-AD90-B78736DFF1A3}.Debug|x64.Build.0 = Debug|x64
		{021BB501-EE85-48B6-AD90-B78736DFF1A3}.Debug|x86.ActiveCfg = Debug|Win32
		{021BB501-EE85-48B6-AD90-B78736DFF1A3}.Debug|x86.Build.0 = Debug|Win32
		{021BB501-EE85-48B6-AD90-B78736DFF1A3}.Release|x64.ActiveCfg = Release|x64
		{021BB501-EE85-48B6-AD90-B78736DFF1A3}.Release|x64.Build.0 = Release|x64
		{021BB501-EE85-48B6-AD90-B78736DFF1A3}.Release|x86.ActiveCfg = Release|Win32
		{021BB501-EE85-48B6-AD90-B78736DFF1A3}.Release|x86.Build.0 = Release|Win32
	EndGlobalSection
	GlobalSection(SolutionProperties) = preSolution
		HideSolutionNode = FALSE
	EndGlobalSection
	GlobalSection(ExtensibilityGlobals) = postSolution
		SolutionGuid = {E86714DE-BA4B-4014-8308-2463C03EBF6D}
	EndGlobalSection
EndGlobal
